
Microsoft Visual Studio Solution File, Format Version 12.00
# Visual Studio Version 17
VisualStudioVersion = 17.0.32014.148
MinimumVisualStudioVersion = 10.0.40219.1
Project("{FAE04EC0-301F-11D3-BF4B-00C04F79EFBC}") = "QLBanHang", "QLBanHang\QLBanHang.csproj", "{2F827D92-B7B0-44D4-81EB-5E8B5B964190}"
EndProject
Global
	GlobalSection(SolutionConfigurationPlatforms) = preSolution
		Debug|Any CPU = Debug|Any CPU
		Release|Any CPU = Release|Any CPU
	EndGlobalSection
	GlobalSection(ProjectConfigurationPlatforms) = postSolution
		{2F827D92-B7B0-44D4-81EB-5E8B5B964190}.Debug|Any CPU.ActiveCfg = Debug|Any CPU
		{2F827D92-B7B0-44D4-81EB-5E8B5B964190}.Debug|Any CPU.Build.0 = Debug|Any CPU
		{2F827D92-B7B0-44D4-81EB-5E8B5B964190}.Release|Any CPU.ActiveCfg = Release|Any CPU
		{2F827D92-B7B0-44D4-81EB-5E8B5B964190}.Release|Any CPU.Build.0 = Release|Any CPU
	EndGlobalSection
	GlobalSection(SolutionProperties) = preSolution
		HideSolutionNode = FALSE
	EndGlobalSection
	GlobalSection(ExtensibilityGlobals) = postSolution
		SolutionGuid = {2569F77B-D72E-4EAD-81FC-434DD6CC94FA}
	EndGlobalSection
EndGlobal
